// !$*UTF8*$!
{
	archiveVersion = 1;
	classes = {
	};
	objectVersion = 50;
	objects = {

/* Begin PBXBuildFile section */
		717EB1C421E885D2002225C0 /* AppDelegate.m in Sources */ = {isa = PBXBuildFile; fileRef = 717EB1C321E885D2002225C0 /* AppDelegate.m */; };
		717EB1C721E885D2002225C0 /* ViewController.m in Sources */ = {isa = PBXBuildFile; fileRef = 717EB1C621E885D2002225C0 /* ViewController.m */; };
		717EB1CA21E885D2002225C0 /* Main.storyboard in Resources */ = {isa = PBXBuildFile; fileRef = 717EB1C821E885D2002225C0 /* Main.storyboard */; };
		717EB1CC21E885D4002225C0 /* Assets.xcassets in Resources */ = {isa = PBXBuildFile; fileRef = 717EB1CB21E885D4002225C0 /* Assets.xcassets */; };
		717EB1CF21E885D4002225C0 /* LaunchScreen.storyboard in Resources */ = {isa = PBXBuildFile; fileRef = 717EB1CD21E885D4002225C0 /* LaunchScreen.storyboard */; };
		717EB1D221E885D4002225C0 /* main.m in Sources */ = {isa = PBXBuildFile; fileRef = 717EB1D121E885D4002225C0 /* main.m */; };
		717EB1DC21E885D4002225C0 /* OpenMemberDemoTests.m in Sources */ = {isa = PBXBuildFile; fileRef = 717EB1DB21E885D4002225C0 /* OpenMemberDemoTests.m */; };
		717EB1E721E885D4002225C0 /* OpenMemberDemoUITests.m in Sources */ = {isa = PBXBuildFile; fileRef = 717EB1E621E885D4002225C0 /* OpenMemberDemoUITests.m */; };
		717EB1F621E88676002225C0 /* OpenMemberVC.m in Sources */ = {isa = PBXBuildFile; fileRef = 717EB1F521E88676002225C0 /* OpenMemberVC.m */; };
		717EB1F921E8885F002225C0 /* UIView+NTES.m in Sources */ = {isa = PBXBuildFile; fileRef = 717EB1F821E8885F002225C0 /* UIView+NTES.m */; };
		717EB1FD21E88CC7002225C0 /* open_openMember@2x.png in Resources */ = {isa = PBXBuildFile; fileRef = 717EB1FB21E88CC7002225C0 /* open_openMember@2x.png */; };
		717EB1FE21E88CC7002225C0 /* close_openMember@2x.png in Resources */ = {isa = PBXBuildFile; fileRef = 717EB1FC21E88CC7002225C0 /* close_openMember@2x.png */; };
		717EB20121E88D34002225C0 /* 01.png in Resources */ = {isa = PBXBuildFile; fileRef = 717EB1FF21E88D34002225C0 /* 01.png */; };
		717EB20221E88D34002225C0 /* 02.png in Resources */ = {isa = PBXBuildFile; fileRef = 717EB20021E88D34002225C0 /* 02.png */; };
		AAA2D91E62E419D6705361B1 /* libPods-OpenMemberDemoTests.a in Frameworks */ = {isa = PBXBuildFile; fileRef = 0F4A12C824F223450DDCAFBE /* libPods-OpenMemberDemoTests.a */; };
		AB05DEACF23B16804771E1E0 /* libPods-OpenMemberDemo.a in Frameworks */ = {isa = PBXBuildFile; fileRef = DEE6EE9BCC431D3B8A60D7CE /* libPods-OpenMemberDemo.a */; };
		DB7F1D1C3BC38DADC4DF92F8 /* libPods-OpenMemberDemoUITests.a in Frameworks */ = {isa = PBXBuildFile; fileRef = 74AC001BD1C3C709545C623F /* libPods-OpenMemberDemoUITests.a */; };
/* End PBXBuildFile section */

/* Begin PBXContainerItemProxy section */
		717EB1D821E885D4002225C0 /* PBXContainerItemProxy */ = {
			isa = PBXContainerItemProxy;
			containerPortal = 717EB1B721E885D2002225C0 /* Project object */;
			proxyType = 1;
			remoteGlobalIDString = 717EB1BE21E885D2002225C0;
			remoteInfo = OpenMemberDemo;
		};
		717EB1E321E885D4002225C0 /* PBXContainerItemProxy */ = {
			isa = PBXContainerItemProxy;
			containerPortal = 717EB1B721E885D2002225C0 /* Project object */;
			proxyType = 1;
			remoteGlobalIDString = 717EB1BE21E885D2002225C0;
			remoteInfo = OpenMemberDemo;
		};
/* End PBXContainerItemProxy section */

/* Begin PBXFileReference section */
		0F4A12C824F223450DDCAFBE /* libPods-OpenMemberDemoTests.a */ = {isa = PBXFileReference; explicitFileType = archive.ar; includeInIndex = 0; path = "libPods-OpenMemberDemoTests.a"; sourceTree = BUILT_PRODUCTS_DIR; };
		1B20A72A7F402164EB760D59 /* Pods-OpenMemberDemoUITests.release.xcconfig */ = {isa = PBXFileReference; includeInIndex = 1; lastKnownFileType = text.xcconfig; name = "Pods-OpenMemberDemoUITests.release.xcconfig"; path = "Pods/Target Support Files/Pods-OpenMemberDemoUITests/Pods-OpenMemberDemoUITests.release.xcconfig"; sourceTree = "<group>"; };
		458CEA5B16519A2840CD8406 /* Pods-OpenMemberDemo.debug.xcconfig */ = {isa = PBXFileReference; includeInIndex = 1; lastKnownFileType = text.xcconfig; name = "Pods-OpenMemberDemo.debug.xcconfig"; path = "Pods/Target Support Files/Pods-OpenMemberDemo/Pods-OpenMemberDemo.debug.xcconfig"; sourceTree = "<group>"; };
		4A3FA2E6A969CAB720FC8088 /* Pods-OpenMemberDemo.release.xcconfig */ = {isa = PBXFileReference; includeInIndex = 1; lastKnownFileType = text.xcconfig; name = "Pods-OpenMemberDemo.release.xcconfig"; path = "Pods/Target Support Files/Pods-OpenMemberDemo/Pods-OpenMemberDemo.release.xcconfig"; sourceTree = "<group>"; };
		64431738CB858D6D30F06137 /* Pods-OpenMemberDemoUITests.debug.xcconfig */ = {isa = PBXFileReference; includeInIndex = 1; lastKnownFileType = text.xcconfig; name = "Pods-OpenMemberDemoUITests.debug.xcconfig"; path = "Pods/Target Support Files/Pods-OpenMemberDemoUITests/Pods-OpenMemberDemoUITests.debug.xcconfig"; sourceTree = "<group>"; };
		717EB1BF21E885D2002225C0 /* OpenMemberDemo.app */ = {isa = PBXFileReference; explicitFileType = wrapper.application; includeInIndex = 0; path = OpenMemberDemo.app; sourceTree = BUILT_PRODUCTS_DIR; };
		717EB1C221E885D2002225C0 /* AppDelegate.h */ = {isa = PBXFileReference; lastKnownFileType = sourcecode.c.h; path = AppDelegate.h; sourceTree = "<group>"; };
		717EB1C321E885D2002225C0 /* AppDelegate.m */ = {isa = PBXFileReference; lastKnownFileType = sourcecode.c.objc; path = AppDelegate.m; sourceTree = "<group>"; };
		717EB1C521E885D2002225C0 /* ViewController.h */ = {isa = PBXFileReference; lastKnownFileType = sourcecode.c.h; path = ViewController.h; sourceTree = "<group>"; };
		717EB1C621E885D2002225C0 /* ViewController.m */ = {isa = PBXFileReference; lastKnownFileType = sourcecode.c.objc; path = ViewController.m; sourceTree = "<group>"; };
		717EB1C921E885D2002225C0 /* Base */ = {isa = PBXFileReference; lastKnownFileType = file.storyboard; name = Base; path = Base.lproj/Main.storyboard; sourceTree = "<group>"; };
		717EB1CB21E885D4002225C0 /* Assets.xcassets */ = {isa = PBXFileReference; lastKnownFileType = folder.assetcatalog; path = Assets.xcassets; sourceTree = "<group>"; };
		717EB1CE21E885D4002225C0 /* Base */ = {isa = PBXFileReference; lastKnownFileType = file.storyboard; name = Base; path = Base.lproj/LaunchScreen.storyboard; sourceTree = "<group>"; };
		717EB1D021E885D4002225C0 /* Info.plist */ = {isa = PBXFileReference; lastKnownFileType = text.plist.xml; path = Info.plist; sourceTree = "<group>"; };
		717EB1D121E885D4002225C0 /* main.m */ = {isa = PBXFileReference; lastKnownFileType = sourcecode.c.objc; path = main.m; sourceTree = "<group>"; };
		717EB1D721E885D4002225C0 /* OpenMemberDemoTests.xctest */ = {isa = PBXFileReference; explicitFileType = wrapper.cfbundle; includeInIndex = 0; path = OpenMemberDemoTests.xctest; sourceTree = BUILT_PRODUCTS_DIR; };
		717EB1DB21E885D4002225C0 /* OpenMemberDemoTests.m */ = {isa = PBXFileReference; lastKnownFileType = sourcecode.c.objc; path = OpenMemberDemoTests.m; sourceTree = "<group>"; };
		717EB1DD21E885D4002225C0 /* Info.plist */ = {isa = PBXFileReference; lastKnownFileType = text.plist.xml; path = Info.plist; sourceTree = "<group>"; };
		717EB1E221E885D4002225C0 /* OpenMemberDemoUITests.xctest */ = {isa = PBXFileReference; explicitFileType = wrapper.cfbundle; includeInIndex = 0; path = OpenMemberDemoUITests.xctest; sourceTree = BUILT_PRODUCTS_DIR; };
		717EB1E621E885D4002225C0 /* OpenMemberDemoUITests.m */ = {isa = PBXFileReference; lastKnownFileType = sourcecode.c.objc; path = OpenMemberDemoUITests.m; sourceTree = "<group>"; };
		717EB1E821E885D4002225C0 /* Info.plist */ = {isa = PBXFileReference; lastKnownFileType = text.plist.xml; path = Info.plist; sourceTree = "<group>"; };
		717EB1F421E88676002225C0 /* OpenMemberVC.h */ = {isa = PBXFileReference; lastKnownFileType = sourcecode.c.h; path = OpenMemberVC.h; sourceTree = "<group>"; };
		717EB1F521E88676002225C0 /* OpenMemberVC.m */ = {isa = PBXFileReference; lastKnownFileType = sourcecode.c.objc; path = OpenMemberVC.m; sourceTree = "<group>"; };
		717EB1F721E8885F002225C0 /* UIView+NTES.h */ = {isa = PBXFileReference; fileEncoding = 4; lastKnownFileType = sourcecode.c.h; path = "UIView+NTES.h"; sourceTree = "<group>"; };
		717EB1F821E8885F002225C0 /* UIView+NTES.m */ = {isa = PBXFileReference; fileEncoding = 4; lastKnownFileType = sourcecode.c.objc; path = "UIView+NTES.m"; sourceTree = "<group>"; };
		717EB1FB21E88CC7002225C0 /* open_openMember@2x.png */ = {isa = PBXFileReference; lastKnownFileType = image.png; path = "open_openMember@2x.png"; sourceTree = "<group>"; };
		717EB1FC21E88CC7002225C0 /* close_openMember@2x.png */ = {isa = PBXFileReference; lastKnownFileType = image.png; path = "close_openMember@2x.png"; sourceTree = "<group>"; };
		717EB1FF21E88D34002225C0 /* 01.png */ = {isa = PBXFileReference; lastKnownFileType = image.png; path = 01.png; sourceTree = "<group>"; };
		717EB20021E88D34002225C0 /* 02.png */ = {isa = PBXFileReference; lastKnownFileType = image.png; path = 02.png; sourceTree = "<group>"; };
		74AC001BD1C3C709545C623F /* libPods-OpenMemberDemoUITests.a */ = {isa = PBXFileReference; explicitFileType = archive.ar; includeInIndex = 0; path = "libPods-OpenMemberDemoUITests.a"; sourceTree = BUILT_PRODUCTS_DIR; };
		8D380F40C748B9266D6FF245 /* Pods-OpenMemberDemoTests.release.xcconfig */ = {isa = PBXFileReference; includeInIndex = 1; lastKnownFileType = text.xcconfig; name = "Pods-OpenMemberDemoTests.release.xcconfig"; path = "Pods/Target Support Files/Pods-OpenMemberDemoTests/Pods-OpenMemberDemoTests.release.xcconfig"; sourceTree = "<group>"; };
		99D305243851E3D6036DBD95 /* Pods-OpenMemberDemoTests.debug.xcconfig */ = {isa = PBXFileReference; includeInIndex = 1; lastKnownFileType = text.xcconfig; name = "Pods-OpenMemberDemoTests.debug.xcconfig"; path = "Pods/Target Support Files/Pods-OpenMemberDemoTests/Pods-OpenMemberDemoTests.debug.xcconfig"; sourceTree = "<group>"; };
		DEE6EE9BCC431D3B8A60D7CE /* libPods-OpenMemberDemo.a */ = {isa = PBXFileReference; explicitFileType = archive.ar; includeInIndex = 0; path = "libPods-OpenMemberDemo.a"; sourceTree = BUILT_PRODUCTS_DIR; };
/* End PBXFileReference section */

/* Begin PBXFrameworksBuildPhase section */
		717EB1BC21E885D2002225C0 /* Frameworks */ = {
			isa = PBXFrameworksBuildPhase;
			buildActionMask = 2147483647;
			files = (
				AB05DEACF23B16804771E1E0 /* libPods-OpenMemberDemo.a in Frameworks */,
			);
			runOnlyForDeploymentPostprocessing = 0;
		};
		717EB1D421E885D4002225C0 /* Frameworks */ = {
			isa = PBXFrameworksBuildPhase;
			buildActionMask = 2147483647;
			files = (
				AAA2D91E62E419D6705361B1 /* libPods-OpenMemberDemoTests.a in Frameworks */,
			);
			runOnlyForDeploymentPostprocessing = 0;
		};
		717EB1DF21E885D4002225C0 /* Frameworks */ = {
			isa = PBXFrameworksBuildPhase;
			buildActionMask = 2147483647;
			files = (
				DB7F1D1C3BC38DADC4DF92F8 /* libPods-OpenMemberDemoUITests.a in Frameworks */,
			);
			runOnlyForDeploymentPostprocessing = 0;
		};
/* End PBXFrameworksBuildPhase section */

/* Begin PBXGroup section */
		717EB1B621E885D2002225C0 = {
			isa = PBXGroup;
			children = (
				717EB1C121E885D2002225C0 /* OpenMemberDemo */,
				717EB1DA21E885D4002225C0 /* OpenMemberDemoTests */,
				717EB1E521E885D4002225C0 /* OpenMemberDemoUITests */,
				717EB1C021E885D2002225C0 /* Products */,
				727BC58772725AFA1C53D69D /* Pods */,
				F1EE8DB624C8F0796E050C16 /* Frameworks */,
			);
			sourceTree = "<group>";
		};
		717EB1C021E885D2002225C0 /* Products */ = {
			isa = PBXGroup;
			children = (
				717EB1BF21E885D2002225C0 /* OpenMemberDemo.app */,
				717EB1D721E885D4002225C0 /* OpenMemberDemoTests.xctest */,
				717EB1E221E885D4002225C0 /* OpenMemberDemoUITests.xctest */,
			);
			name = Products;
			sourceTree = "<group>";
		};
		717EB1C121E885D2002225C0 /* OpenMemberDemo */ = {
			isa = PBXGroup;
			children = (
				717EB1FA21E88CC7002225C0 /* images */,
				717EB1F721E8885F002225C0 /* UIView+NTES.h */,
				717EB1F821E8885F002225C0 /* UIView+NTES.m */,
				717EB1C221E885D2002225C0 /* AppDelegate.h */,
				717EB1C321E885D2002225C0 /* AppDelegate.m */,
				717EB1C521E885D2002225C0 /* ViewController.h */,
				717EB1C621E885D2002225C0 /* ViewController.m */,
				717EB1F421E88676002225C0 /* OpenMemberVC.h */,
				717EB1F521E88676002225C0 /* OpenMemberVC.m */,
				717EB1C821E885D2002225C0 /* Main.storyboard */,
				717EB1CB21E885D4002225C0 /* Assets.xcassets */,
				717EB1CD21E885D4002225C0 /* LaunchScreen.storyboard */,
				717EB1D021E885D4002225C0 /* Info.plist */,
				717EB1D121E885D4002225C0 /* main.m */,
			);
			path = OpenMemberDemo;
			sourceTree = "<group>";
		};
		717EB1DA21E885D4002225C0 /* OpenMemberDemoTests */ = {
			isa = PBXGroup;
			children = (
				717EB1DB21E885D4002225C0 /* OpenMemberDemoTests.m */,
				717EB1DD21E885D4002225C0 /* Info.plist */,
			);
			path = OpenMemberDemoTests;
			sourceTree = "<group>";
		};
		717EB1E521E885D4002225C0 /* OpenMemberDemoUITests */ = {
			isa = PBXGroup;
			children = (
				717EB1E621E885D4002225C0 /* OpenMemberDemoUITests.m */,
				717EB1E821E885D4002225C0 /* Info.plist */,
			);
			path = OpenMemberDemoUITests;
			sourceTree = "<group>";
		};
		717EB1FA21E88CC7002225C0 /* images */ = {
			isa = PBXGroup;
			children = (
				717EB1FF21E88D34002225C0 /* 01.png */,
				717EB20021E88D34002225C0 /* 02.png */,
				717EB1FB21E88CC7002225C0 /* open_openMember@2x.png */,
				717EB1FC21E88CC7002225C0 /* close_openMember@2x.png */,
			);
			path = images;
			sourceTree = "<group>";
		};
		727BC58772725AFA1C53D69D /* Pods */ = {
			isa = PBXGroup;
			children = (
				458CEA5B16519A2840CD8406 /* Pods-OpenMemberDemo.debug.xcconfig */,
				4A3FA2E6A969CAB720FC8088 /* Pods-OpenMemberDemo.release.xcconfig */,
				99D305243851E3D6036DBD95 /* Pods-OpenMemberDemoTests.debug.xcconfig */,
				8D380F40C748B9266D6FF245 /* Pods-OpenMemberDemoTests.release.xcconfig */,
				64431738CB858D6D30F06137 /* Pods-OpenMemberDemoUITests.debug.xcconfig */,
				1B20A72A7F402164EB760D59 /* Pods-OpenMemberDemoUITests.release.xcconfig */,
			);
			name = Pods;
			sourceTree = "<group>";
		};
		F1EE8DB624C8F0796E050C16 /* Frameworks */ = {
			isa = PBXGroup;
			children = (
				DEE6EE9BCC431D3B8A60D7CE /* libPods-OpenMemberDemo.a */,
				0F4A12C824F223450DDCAFBE /* libPods-OpenMemberDemoTests.a */,
				74AC001BD1C3C709545C623F /* libPods-OpenMemberDemoUITests.a */,
			);
			name = Frameworks;
			sourceTree = "<group>";
		};
/* End PBXGroup section */

/* Begin PBXNativeTarget section */
		717EB1BE21E885D2002225C0 /* OpenMemberDemo */ = {
			isa = PBXNativeTarget;
			buildConfigurationList = 717EB1EB21E885D4002225C0 /* Build configuration list for PBXNativeTarget "OpenMemberDemo" */;
			buildPhases = (
				9B83B447986EAFD633423557 /* [CP] Check Pods Manifest.lock */,
				717EB1BB21E885D2002225C0 /* Sources */,
				717EB1BC21E885D2002225C0 /* Frameworks */,
				717EB1BD21E885D2002225C0 /* Resources */,
			);
			buildRules = (
			);
			dependencies = (
			);
			name = OpenMemberDemo;
			productName = OpenMemberDemo;
			productReference = 717EB1BF21E885D2002225C0 /* OpenMemberDemo.app */;
			productType = "com.apple.product-type.application";
		};
		717EB1D621E885D4002225C0 /* OpenMemberDemoTests */ = {
			isa = PBXNativeTarget;
			buildConfigurationList = 717EB1EE21E885D4002225C0 /* Build configuration list for PBXNativeTarget "OpenMemberDemoTests" */;
			buildPhases = (
				03E0BC76F2D8B2A026215D51 /* [CP] Check Pods Manifest.lock */,
				717EB1D321E885D4002225C0 /* Sources */,
				717EB1D421E885D4002225C0 /* Frameworks */,
				717EB1D521E885D4002225C0 /* Resources */,
			);
			buildRules = (
			);
			dependencies = (
				717EB1D921E885D4002225C0 /* PBXTargetDependency */,
			);
			name = OpenMemberDemoTests;
			productName = OpenMemberDemoTests;
			productReference = 717EB1D721E885D4002225C0 /* OpenMemberDemoTests.xctest */;
			productType = "com.apple.product-type.bundle.unit-test";
		};
		717EB1E121E885D4002225C0 /* OpenMemberDemoUITests */ = {
			isa = PBXNativeTarget;
			buildConfigurationList = 717EB1F121E885D4002225C0 /* Build configuration list for PBXNativeTarget "OpenMemberDemoUITests" */;
			buildPhases = (
				184E247D6E24D781FF33A006 /* [CP] Check Pods Manifest.lock */,
				717EB1DE21E885D4002225C0 /* Sources */,
				717EB1DF21E885D4002225C0 /* Frameworks */,
				717EB1E021E885D4002225C0 /* Resources */,
			);
			buildRules = (
			);
			dependencies = (
				717EB1E421E885D4002225C0 /* PBXTargetDependency */,
			);
			name = OpenMemberDemoUITests;
			productName = OpenMemberDemoUITests;
			productReference = 717EB1E221E885D4002225C0 /* OpenMemberDemoUITests.xctest */;
			productType = "com.apple.product-type.bundle.ui-testing";
		};
/* End PBXNativeTarget section */

/* Begin PBXProject section */
		717EB1B721E885D2002225C0 /* Project object */ = {
			isa = PBXProject;
			attributes = {
				LastUpgradeCheck = 1010;
				ORGANIZATIONNAME = "李少锋";
				TargetAttributes = {
					717EB1BE21E885D2002225C0 = {
						CreatedOnToolsVersion = 10.1;
					};
					717EB1D621E885D4002225C0 = {
						CreatedOnToolsVersion = 10.1;
						TestTargetID = 717EB1BE21E885D2002225C0;
					};
					717EB1E121E885D4002225C0 = {
						CreatedOnToolsVersion = 10.1;
						TestTargetID = 717EB1BE21E885D2002225C0;
					};
				};
			};
			buildConfigurationList = 717EB1BA21E885D2002225C0 /* Build configuration list for PBXProject "OpenMemberDemo" */;
			compatibilityVersion = "Xcode 9.3";
			developmentRegion = en;
			hasScannedForEncodings = 0;
			knownRegions = (
				en,
				Base,
			);
			mainGroup = 717EB1B621E885D2002225C0;
			productRefGroup = 717EB1C021E885D2002225C0 /* Products */;
			projectDirPath = "";
			projectRoot = "";
			targets = (
				717EB1BE21E885D2002225C0 /* OpenMemberDemo */,
				717EB1D621E885D4002225C0 /* OpenMemberDemoTests */,
				717EB1E121E885D4002225C0 /* OpenMemberDemoUITests */,
			);
		};
/* End PBXProject section */

/* Begin PBXResourcesBuildPhase section */
		717EB1BD21E885D2002225C0 /* Resources */ = {
			isa = PBXResourcesBuildPhase;
			buildActionMask = 2147483647;
			files = (
				717EB20121E88D34002225C0 /* 01.png in Resources */,
				717EB1CF21E885D4002225C0 /* LaunchScreen.storyboard in Resources */,
				717EB1CC21E885D4002225C0 /* Assets.xcassets in Resources */,
				717EB20221E88D34002225C0 /* 02.png in Resources */,
				717EB1FE21E88CC7002225C0 /* close_openMember@2x.png in Resources */,
				717EB1FD21E88CC7002225C0 /* open_openMember@2x.png in Resources */,
				717EB1CA21E885D2002225C0 /* Main.storyboard in Resources */,
			);
			runOnlyForDeploymentPostprocessing = 0;
		};
		717EB1D521E885D4002225C0 /* Resources */ = {
			isa = PBXResourcesBuildPhase;
			buildActionMask = 2147483647;
			files = (
			);
			runOnlyForDeploymentPostprocessing = 0;
		};
		717EB1E021E885D4002225C0 /* Resources */ = {
			isa = PBXResourcesBuildPhase;
			buildActionMask = 2147483647;
			files = (
			);
			runOnlyForDeploymentPostprocessing = 0;
		};
/* End PBXResourcesBuildPhase section */

/* Begin PBXShellScriptBuildPhase section */
		03E0BC76F2D8B2A026215D51 /* [CP] Check Pods Manifest.lock */ = {
			isa = PBXShellScriptBuildPhase;
			buildActionMask = 2147483647;
			files = (
			);
			inputPaths = (
				"${PODS_PODFILE_DIR_PATH}/Podfile.lock",
				"${PODS_ROOT}/Manifest.lock",
			);
			name = "[CP] Check Pods Manifest.lock";
			outputPaths = (
				"$(DERIVED_FILE_DIR)/Pods-OpenMemberDemoTests-checkManifestLockResult.txt",
			);
			runOnlyForDeploymentPostprocessing = 0;
			shellPath = /bin/sh;
			shellScript = "diff \"${PODS_PODFILE_DIR_PATH}/Podfile.lock\" \"${PODS_ROOT}/Manifest.lock\" > /dev/null\nif [ $? != 0 ] ; then\n    # print error to STDERR\n    echo \"error: The sandbox is not in sync with the Podfile.lock. Run 'pod install' or update your CocoaPods installation.\" >&2\n    exit 1\nfi\n# This output is used by Xcode 'outputs' to avoid re-running this script phase.\necho \"SUCCESS\" > \"${SCRIPT_OUTPUT_FILE_0}\"\n";
			showEnvVarsInLog = 0;
		};
		184E247D6E24D781FF33A006 /* [CP] Check Pods Manifest.lock */ = {
			isa = PBXShellScriptBuildPhase;
			buildActionMask = 2147483647;
			files = (
			);
			inputPaths = (
				"${PODS_PODFILE_DIR_PATH}/Podfile.lock",
				"${PODS_ROOT}/Manifest.lock",
			);
			name = "[CP] Check Pods Manifest.lock";
			outputPaths = (
				"$(DERIVED_FILE_DIR)/Pods-OpenMemberDemoUITests-checkManifestLockResult.txt",
			);
			runOnlyForDeploymentPostprocessing = 0;
			shellPath = /bin/sh;
			shellScript = "diff \"${PODS_PODFILE_DIR_PATH}/Podfile.lock\" \"${PODS_ROOT}/Manifest.lock\" > /dev/null\nif [ $? != 0 ] ; then\n    # print error to STDERR\n    echo \"error: The sandbox is not in sync with the Podfile.lock. Run 'pod install' or update your CocoaPods installation.\" >&2\n    exit 1\nfi\n# This output is used by Xcode 'outputs' to avoid re-running this script phase.\necho \"SUCCESS\" > \"${SCRIPT_OUTPUT_FILE_0}\"\n";
			showEnvVarsInLog = 0;
		};
		9B83B447986EAFD633423557 /* [CP] Check Pods Manifest.lock */ = {
			isa = PBXShellScriptBuildPhase;
			buildActionMask = 2147483647;
			files = (
			);
			inputPaths = (
				"${PODS_PODFILE_DIR_PATH}/Podfile.lock",
				"${PODS_ROOT}/Manifest.lock",
			);
			name = "[CP] Check Pods Manifest.lock";
			outputPaths = (
				"$(DERIVED_FILE_DIR)/Pods-OpenMemberDemo-checkManifestLockResult.txt",
			);
			runOnlyForDeploymentPostprocessing = 0;
			shellPath = /bin/sh;
			shellScript = "diff \"${PODS_PODFILE_DIR_PATH}/Podfile.lock\" \"${PODS_ROOT}/Manifest.lock\" > /dev/null\nif [ $? != 0 ] ; then\n    # print error to STDERR\n    echo \"error: The sandbox is not in sync with the Podfile.lock. Run 'pod install' or update your CocoaPods installation.\" >&2\n    exit 1\nfi\n# This output is used by Xcode 'outputs' to avoid re-running this script phase.\necho \"SUCCESS\" > \"${SCRIPT_OUTPUT_FILE_0}\"\n";
			showEnvVarsInLog = 0;
		};
/* End PBXShellScriptBuildPhase section */

/* Begin PBXSourcesBuildPhase section */
		717EB1BB21E885D2002225C0 /* Sources */ = {
			isa = PBXSourcesBuildPhase;
			buildActionMask = 2147483647;
			files = (
				717EB1F921E8885F002225C0 /* UIView+NTES.m in Sources */,
				717EB1F621E88676002225C0 /* OpenMemberVC.m in Sources */,
				717EB1C721E885D2002225C0 /* ViewController.m in Sources */,
				717EB1D221E885D4002225C0 /* main.m in Sources */,
				717EB1C421E885D2002225C0 /* AppDelegate.m in Sources */,
			);
			runOnlyForDeploymentPostprocessing = 0;
		};
		717EB1D321E885D4002225C0 /* Sources */ = {
			isa = PBXSourcesBuildPhase;
			buildActionMask = 2147483647;
			files = (
				717EB1DC21E885D4002225C0 /* OpenMemberDemoTests.m in Sources */,
			);
			runOnlyForDeploymentPostprocessing = 0;
		};
		717EB1DE21E885D4002225C0 /* Sources */ = {
			isa = PBXSourcesBuildPhase;
			buildActionMask = 2147483647;
			files = (
				717EB1E721E885D4002225C0 /* OpenMemberDemoUITests.m in Sources */,
			);
			runOnlyForDeploymentPostprocessing = 0;
		};
/* End PBXSourcesBuildPhase section */

/* Begin PBXTargetDependency section */
		717EB1D921E885D4002225C0 /* PBXTargetDependency */ = {
			isa = PBXTargetDependency;
			target = 717EB1BE21E885D2002225C0 /* OpenMemberDemo */;
			targetProxy = 717EB1D821E885D4002225C0 /* PBXContainerItemProxy */;
		};
		717EB1E421E885D4002225C0 /* PBXTargetDependency */ = {
			isa = PBXTargetDependency;
			target = 717EB1BE21E885D2002225C0 /* OpenMemberDemo */;
			targetProxy = 717EB1E321E885D4002225C0 /* PBXContainerItemProxy */;
		};
/* End PBXTargetDependency section */

/* Begin PBXVariantGroup section */
		717EB1C821E885D2002225C0 /* Main.storyboard */ = {
			isa = PBXVariantGroup;
			children = (
				717EB1C921E885D2002225C0 /* Base */,
			);
			name = Main.storyboard;
			sourceTree = "<group>";
		};
		717EB1CD21E885D4002225C0 /* LaunchScreen.storyboard */ = {
			isa = PBXVariantGroup;
			children = (
				717EB1CE21E885D4002225C0 /* Base */,
			);
			name = LaunchScreen.storyboard;
			sourceTree = "<group>";
		};
/* End PBXVariantGroup section */

/* Begin XCBuildConfiguration section */
		717EB1E921E885D4002225C0 /* Debug */ = {
			isa = XCBuildConfiguration;
			buildSettings = {
				ALWAYS_SEARCH_USER_PATHS = NO;
				CLANG_ANALYZER_NONNULL = YES;
				CLANG_ANALYZER_NUMBER_OBJECT_CONVERSION = YES_AGGRESSIVE;
				CLANG_CXX_LANGUAGE_STANDARD = "gnu++14";
				CLANG_CXX_LIBRARY = "libc++";
				CLANG_ENABLE_MODULES = YES;
				CLANG_ENABLE_OBJC_ARC = YES;
				CLANG_ENABLE_OBJC_WEAK = YES;
				CLANG_WARN_BLOCK_CAPTURE_AUTORELEASING = YES;
				CLANG_WARN_BOOL_CONVERSION = YES;
				CLANG_WARN_COMMA = YES;
				CLANG_WARN_CONSTANT_CONVERSION = YES;
				CLANG_WARN_DEPRECATED_OBJC_IMPLEMENTATIONS = YES;
				CLANG_WARN_DIRECT_OBJC_ISA_USAGE = YES_ERROR;
				CLANG_WARN_DOCUMENTATION_COMMENTS = YES;
				CLANG_WARN_EMPTY_BODY = YES;
				CLANG_WARN_ENUM_CONVERSION = YES;
				CLANG_WARN_INFINITE_RECURSION = YES;
				CLANG_WARN_INT_CONVERSION = YES;
				CLANG_WARN_NON_LITERAL_NULL_CONVERSION = YES;
				CLANG_WARN_OBJC_IMPLICIT_RETAIN_SELF = YES;
				CLANG_WARN_OBJC_LITERAL_CONVERSION = YES;
				CLANG_WARN_OBJC_ROOT_CLASS = YES_ERROR;
				CLANG_WARN_RANGE_LOOP_ANALYSIS = YES;
				CLANG_WARN_STRICT_PROTOTYPES = YES;
				CLANG_WARN_SUSPICIOUS_MOVE = YES;
				CLANG_WARN_UNGUARDED_AVAILABILITY = YES_AGGRESSIVE;
				CLANG_WARN_UNREACHABLE_CODE = YES;
				CLANG_WARN__DUPLICATE_METHOD_MATCH = YES;
				CODE_SIGN_IDENTITY = "iPhone Developer";
				COPY_PHASE_STRIP = NO;
				DEBUG_INFORMATION_FORMAT = dwarf;
				ENABLE_STRICT_OBJC_MSGSEND = YES;
				ENABLE_TESTABILITY = YES;
				GCC_C_LANGUAGE_STANDARD = gnu11;
				GCC_DYNAMIC_NO_PIC = NO;
				GCC_NO_COMMON_BLOCKS = YES;
				GCC_OPTIMIZATION_LEVEL = 0;
				GCC_PREPROCESSOR_DEFINITIONS = (
					"DEBUG=1",
					"$(inherited)",
				);
				GCC_WARN_64_TO_32_BIT_CONVERSION = YES;
				GCC_WARN_ABOUT_RETURN_TYPE = YES_ERROR;
				GCC_WARN_UNDECLARED_SELECTOR = YES;
				GCC_WARN_UNINITIALIZED_AUTOS = YES_AGGRESSIVE;
				GCC_WARN_UNUSED_FUNCTION = YES;
				GCC_WARN_UNUSED_VARIABLE = YES;
				IPHONEOS_DEPLOYMENT_TARGET = 12.1;
				MTL_ENABLE_DEBUG_INFO = INCLUDE_SOURCE;
				MTL_FAST_MATH = YES;
				ONLY_ACTIVE_ARCH = YES;
				SDKROOT = iphoneos;
			};
			name = Debug;
		};
		717EB1EA21E885D4002225C0 /* Release */ = {
			isa = XCBuildConfiguration;
			buildSettings = {
				ALWAYS_SEARCH_USER_PATHS = NO;
				CLANG_ANALYZER_NONNULL = YES;
				CLANG_ANALYZER_NUMBER_OBJECT_CONVERSION = YES_AGGRESSIVE;
				CLANG_CXX_LANGUAGE_STANDARD = "gnu++14";
				CLANG_CXX_LIBRARY = "libc++";
				CLANG_ENABLE_MODULES = YES;
				CLANG_ENABLE_OBJC_ARC = YES;
				CLANG_ENABLE_OBJC_WEAK = YES;
				CLANG_WARN_BLOCK_CAPTURE_AUTORELEASING = YES;
				CLANG_WARN_BOOL_CONVERSION = YES;
				CLANG_WARN_COMMA = YES;
				CLANG_WARN_CONSTANT_CONVERSION = YES;
				CLANG_WARN_DEPRECATED_OBJC_IMPLEMENTATIONS = YES;
				CLANG_WARN_DIRECT_OBJC_ISA_USAGE = YES_ERROR;
				CLANG_WARN_DOCUMENTATION_COMMENTS = YES;
				CLANG_WARN_EMPTY_BODY = YES;
				CLANG_WARN_ENUM_CONVERSION = YES;
				CLANG_WARN_INFINITE_RECURSION = YES;
				CLANG_WARN_INT_CONVERSION = YES;
				CLANG_WARN_NON_LITERAL_NULL_CONVERSION = YES;
				CLANG_WARN_OBJC_IMPLICIT_RETAIN_SELF = YES;
				CLANG_WARN_OBJC_LITERAL_CONVERSION = YES;
				CLANG_WARN_OBJC_ROOT_CLASS = YES_ERROR;
				CLANG_WARN_RANGE_LOOP_ANALYSIS = YES;
				CLANG_WARN_STRICT_PROTOTYPES = YES;
				CLANG_WARN_SUSPICIOUS_MOVE = YES;
				CLANG_WARN_UNGUARDED_AVAILABILITY = YES_AGGRESSIVE;
				CLANG_WARN_UNREACHABLE_CODE = YES;
				CLANG_WARN__DUPLICATE_METHOD_MATCH = YES;
				CODE_SIGN_IDENTITY = "iPhone Developer";
				COPY_PHASE_STRIP = NO;
				DEBUG_INFORMATION_FORMAT = "dwarf-with-dsym";
				ENABLE_NS_ASSERTIONS = NO;
				ENABLE_STRICT_OBJC_MSGSEND = YES;
				GCC_C_LANGUAGE_STANDARD = gnu11;
				GCC_NO_COMMON_BLOCKS = YES;
				GCC_WARN_64_TO_32_BIT_CONVERSION = YES;
				GCC_WARN_ABOUT_RETURN_TYPE = YES_ERROR;
				GCC_WARN_UNDECLARED_SELECTOR = YES;
				GCC_WARN_UNINITIALIZED_AUTOS = YES_AGGRESSIVE;
				GCC_WARN_UNUSED_FUNCTION = YES;
				GCC_WARN_UNUSED_VARIABLE = YES;
				IPHONEOS_DEPLOYMENT_TARGET = 12.1;
				MTL_ENABLE_DEBUG_INFO = NO;
				MTL_FAST_MATH = YES;
				SDKROOT = iphoneos;
				VALIDATE_PRODUCT = YES;
			};
			name = Release;
		};
		717EB1EC21E885D4002225C0 /* Debug */ = {
			isa = XCBuildConfiguration;
			baseConfigurationReference = 458CEA5B16519A2840CD8406 /* Pods-OpenMemberDemo.debug.xcconfig */;
			buildSettings = {
				ASSETCATALOG_COMPILER_APPICON_NAME = AppIcon;
				CODE_SIGN_STYLE = Automatic;
				DEVELOPMENT_TEAM = BH8H77TR8E;
				INFOPLIST_FILE = OpenMemberDemo/Info.plist;
				IPHONEOS_DEPLOYMENT_TARGET = 8.0;
				LD_RUNPATH_SEARCH_PATHS = (
					"$(inherited)",
					"@executable_path/Frameworks",
				);
				PRODUCT_BUNDLE_IDENTIFIER = lsf.OpenMemberDemo;
				PRODUCT_NAME = "$(TARGET_NAME)";
				TARGETED_DEVICE_FAMILY = "1,2";
			};
			name = Debug;
		};
		717EB1ED21E885D4002225C0 /* Release */ = {
			isa = XCBuildConfiguration;
			baseConfigurationReference = 4A3FA2E6A969CAB720FC8088 /* Pods-OpenMemberDemo.release.xcconfig */;
			buildSettings = {
				ASSETCATALOG_COMPILER_APPICON_NAME = AppIcon;
				CODE_SIGN_STYLE = Automatic;
				DEVELOPMENT_TEAM = BH8H77TR8E;
				INFOPLIST_FILE = OpenMemberDemo/Info.plist;
				IPHONEOS_DEPLOYMENT_TARGET = 8.0;
				LD_RUNPATH_SEARCH_PATHS = (
					"$(inherited)",
					"@executable_path/Frameworks",
				);
				PRODUCT_BUNDLE_IDENTIFIER = lsf.OpenMemberDemo;
				PRODUCT_NAME = "$(TARGET_NAME)";
				TARGETED_DEVICE_FAMILY = "1,2";
			};
			name = Release;
		};
		717EB1EF21E885D4002225C0 /* Debug */ = {
			isa = XCBuildConfiguration;
			baseConfigurationReference = 99D305243851E3D6036DBD95 /* Pods-OpenMemberDemoTests.debug.xcconfig */;
			buildSettings = {
				BUNDLE_LOADER = "$(TEST_HOST)";
				CODE_SIGN_STYLE = Automatic;
				DEVELOPMENT_TEAM = BH8H77TR8E;
				INFOPLIST_FILE = OpenMemberDemoTests/Info.plist;
				LD_RUNPATH_SEARCH_PATHS = (
					"$(inherited)",
					"@executable_path/Frameworks",
					"@loader_path/Frameworks",
				);
				PRODUCT_BUNDLE_IDENTIFIER = lsf.OpenMemberDemoTests;
				PRODUCT_NAME = "$(TARGET_NAME)";
				TARGETED_DEVICE_FAMILY = "1,2";
				TEST_HOST = "$(BUILT_PRODUCTS_DIR)/OpenMemberDemo.app/OpenMemberDemo";
			};
			name = Debug;
		};
		717EB1F021E885D4002225C0 /* Release */ = {
			isa = XCBuildConfiguration;
			baseConfigurationReference = 8D380F40C748B9266D6FF245 /* Pods-OpenMemberDemoTests.release.xcconfig */;
			buildSettings = {
				BUNDLE_LOADER = "$(TEST_HOST)";
				CODE_SIGN_STYLE = Automatic;
				DEVELOPMENT_TEAM = BH8H77TR8E;
				INFOPLIST_FILE = OpenMemberDemoTests/Info.plist;
				LD_RUNPATH_SEARCH_PATHS = (
					"$(inherited)",
					"@executable_path/Frameworks",
					"@loader_path/Frameworks",
				);
				PRODUCT_BUNDLE_IDENTIFIER = lsf.OpenMemberDemoTests;
				PRODUCT_NAME = "$(TARGET_NAME)";
				TARGETED_DEVICE_FAMILY = "1,2";
				TEST_HOST = "$(BUILT_PRODUCTS_DIR)/OpenMemberDemo.app/OpenMemberDemo";
			};
			name = Release;
		};
		717EB1F221E885D4002225C0 /* Debug */ = {
			isa = XCBuildConfiguration;
			baseConfigurationReference = 64431738CB858D6D30F06137 /* Pods-OpenMemberDemoUITests.debug.xcconfig */;
			buildSettings = {
				CODE_SIGN_STYLE = Automatic;
				DEVELOPMENT_TEAM = BH8H77TR8E;
				INFOPLIST_FILE = OpenMemberDemoUITests/Info.plist;
				LD_RUNPATH_SEARCH_PATHS = (
					"$(inherited)",
					"@executable_path/Frameworks",
					"@loader_path/Frameworks",
				);
				PRODUCT_BUNDLE_IDENTIFIER = lsf.OpenMemberDemoUITests;
				PRODUCT_NAME = "$(TARGET_NAME)";
				TARGETED_DEVICE_FAMILY = "1,2";
				TEST_TARGET_NAME = OpenMemberDemo;
			};
			name = Debug;
		};
		717EB1F321E885D4002225C0 /* Release */ = {
			isa = XCBuildConfiguration;
			baseConfigurationReference = 1B20A72A7F402164EB760D59 /* Pods-OpenMemberDemoUITests.release.xcconfig */;
			buildSettings = {
				CODE_SIGN_STYLE = Automatic;
				DEVELOPMENT_TEAM = BH8H77TR8E;
				INFOPLIST_FILE = OpenMemberDemoUITests/Info.plist;
				LD_RUNPATH_SEARCH_PATHS = (
					"$(inherited)",
					"@executable_path/Frameworks",
					"@loader_path/Frameworks",
				);
				PRODUCT_BUNDLE_IDENTIFIER = lsf.OpenMemberDemoUITests;
				PRODUCT_NAME = "$(TARGET_NAME)";
				TARGETED_DEVICE_FAMILY = "1,2";
				TEST_TARGET_NAME = OpenMemberDemo;
			};
			name = Release;
		};
/* End XCBuildConfiguration section */

/* Begin XCConfigurationList section */
		717EB1BA21E885D2002225C0 /* Build configuration list for PBXProject "OpenMemberDemo" */ = {
			isa = XCConfigurationList;
			buildConfigurations = (
				717EB1E921E885D4002225C0 /* Debug */,
				717EB1EA21E885D4002225C0 /* Release */,
			);
			defaultConfigurationIsVisible = 0;
			defaultConfigurationName = Release;
		};
		717EB1EB21E885D4002225C0 /* Build configuration list for PBXNativeTarget "OpenMemberDemo" */ = {
			isa = XCConfigurationList;
			buildConfigurations = (
				717EB1EC21E885D4002225C0 /* Debug */,
				717EB1ED21E885D4002225C0 /* Release */,
			);
			defaultConfigurationIsVisible = 0;
			defaultConfigurationName = Release;
		};
		717EB1EE21E885D4002225C0 /* Build configuration list for PBXNativeTarget "OpenMemberDemoTests" */ = {
			isa = XCConfigurationList;
			buildConfigurations = (
				717EB1EF21E885D4002225C0 /* Debug */,
				717EB1F021E885D4002225C0 /* Release */,
			);
			defaultConfigurationIsVisible = 0;
			defaultConfigurationName = Release;
		};
		717EB1F121E885D4002225C0 /* Build configuration list for PBXNativeTarget "OpenMemberDemoUITests" */ = {
			isa = XCConfigurationList;
			buildConfigurations = (
				717EB1F221E885D4002225C0 /* Debug */,
				717EB1F321E885D4002225C0 /* Release */,
			);
			defaultConfigurationIsVisible = 0;
			defaultConfigurationName = Release;
		};
/* End XCConfigurationList section */
	};
	rootObject = 717EB1B721E885D2002225C0 /* Project object */;
}
